lockfileVersion: '9.0'

settings:
  autoInstallPeers: true
  excludeLinksFromLockfile: false

importers:

  .:
    dependencies:
      cordis:
        specifier: '>=4.0.0-rc <5'
        version: 4.0.0-rc.10
      yaml:
        specifier: ^2.4.2
        version: 2.9.1

packages:

  '@standard-schema/spec@1.1.0':
    resolution: {integrity: sha512-l2aFy5jALhniG5HgqrD6jXLi/rUWrKvqN/qJx6yoJsgKhblVd+iqqU4RCXavm/jPityDo5TCvKMnpjKnOriy0w==}

  cordis@4.0.0-rc.10:
    resolution: {integrity: sha512-xG90nPNQxR272cC4lR/m5LHevegIJvdddQBlKdEAdGz3n+zgH5lsgkg8o9fc2P3T/f+pO5D7FN1HZvkNBiABnw==}
    hasBin: true
    peerDependencies:
      '@cordisjs/plugin-include': ^1.1.0
      '@cordisjs/plugin-loader': ^1.0.0-rc.7
    peerDependenciesMeta:
      '@cordisjs/plugin-include':
        optional: true
      '@cordisjs/plugin-loader':
        optional: true

  cosmokit@1.8.1:
    resolution: {integrity: sha512-PDBv4l90xZKrUsZ0vtoycgZpO/j4iFsqJXrAxsyBDsnQRI7ZMJXIjgDJsKNjd5L8jnVnnlrDCdhkFbTncgCVjQ==}

  yaml@2.9.1:
    resolution: {integrity: sha512-3NxN8+78OdzbT7C/WjGsyfPAtJaN3FNDsWxv7Y7mcDsT/oOmgW8BpyQQFFBnvZE3j9Y2Sdz1ULFLezL7Eb2yFw==}
    engines: {node: '>= 14.6'}
    hasBin: true

snapshots:

  '@standard-schema/spec@1.1.0': {}

  cordis@4.0.0-rc.10:
    dependencies:
      '@standard-schema/spec': 1.1.0
      cosmokit: 1.8.1

  cosmokit@1.8.1: {}

  yaml@2.9.1: {}
